
Microsoft Visual Studio Solution File, Format Version 12.00
# Visual Studio Version 17
VisualStudioVersion = 17.2.32630.192
MinimumVisualStudioVersion = 10.0.40219.1
Project("{8BC9CEB8-8B4A-11D0-8D11-00A0C91BC942}") = "Database", "..\Database\vs2022\Database.vcxproj", "{008AF7A1-2FE8-4185-96DA-2D7F5CF2C84D}"
	ProjectSection(ProjectDependencies) = postProject
		{C712F78E-AD74-4A85-BB68-2161079F7895} = {C712F78E-AD74-4A85-BB68-2161079F7895}
	EndProjectSection
EndProject
Project("{8BC9CEB8-8B4A-11D0-8D11-00A0C91BC942}") = "MySQL", "..\MySQL\vs2022\MySQL.vcxproj", "{C712F78E-AD74-4A85-BB68-2161079F7895}"
EndProject
Project("{8BC9CEB8-8B4A-11D0-8D11-00A0C91BC942}") = "VuetifyKits", "..\VuetifyKits\vs2022\VuetifyKits.vcxproj", "{8C40F158-47B8-4D91-A4B9-C71DD9CEBFCF}"
EndProject
Project("{8BC9CEB8-8B4A-11D0-8D11-00A0C91BC942}") = "SMS", "..\SMS\vs2022\SMS.vcxproj", "{A63604BA-961F-4926-AC9A-D672BA1F3964}"
EndProject
Project("{8BC9CEB8-8B4A-11D0-8D11-00A0C91BC942}") = "FileIO", "..\FileIO\vs2022\FileIO.vcxproj", "{D72935F7-5D34-47EB-9C18-949329D6F067}"
EndProject
Project("{8BC9CEB8-8B4A-11D0-8D11-00A0C91BC942}") = "Timer", "..\Timer\vs2022\Timer.vcxproj", "{666D1BBC-CBC1-4B08-8819-BEB32A2F132A}"
EndProject
Project("{8BC9CEB8-8B4A-11D0-8D11-00A0C91BC942}") = "Parser", "..\Parser\vs2022\Parser.vcxproj", "{43B92DD0-6142-469C-AC12-E9D3D7090DEB}"
EndProject
Project("{8BC9CEB8-8B4A-11D0-8D11-00A0C91BC942}") = "DDNSUpdate", "..\DDNSUpdate\vs2022\DDNSUpdate.vcxproj", "{085DA40F-8442-4647-811D-1BC6633044F6}"
EndProject
Project("{8BC9CEB8-8B4A-11D0-8D11-00A0C91BC942}") = "MyPay", "..\MyPay\vs2022\MyPay.vcxproj", "{110ED182-8ED2-467E-B875-96293344AE6B}"
EndProject
Project("{8BC9CEB8-8B4A-11D0-8D11-00A0C91BC942}") = "ECPay", "..\ECPay\vs2022\ECPay.vcxproj", "{2637D207-7C49-4BB0-83A5-A43402E6FE16}"
EndProject
Project("{8BC9CEB8-8B4A-11D0-8D11-00A0C91BC942}") = "Converter", "..\Converter\vs2022\Converter.vcxproj", "{4483018D-82D7-492B-9320-03741332BEAD}"
EndProject
Project("{8BC9CEB8-8B4A-11D0-8D11-00A0C91BC942}") = "SQLServer", "..\SQLServer\vs2022\SQLServer.vcxproj", "{F48DA394-328A-4328-A054-10F47280EC61}"
EndProject
Project("{8BC9CEB8-8B4A-11D0-8D11-00A0C91BC942}") = "FirebasePush", "..\FirebasePush\vs2022\FirebasePush.vcxproj", "{389CF22D-C2EC-4C24-9F87-F8EADF6B808A}"
EndProject
Project("{8BC9CEB8-8B4A-11D0-8D11-00A0C91BC942}") = "Punch", "..\Punch\vs2022\Punch.vcxproj", "{C3E7C0AD-7C85-49F2-9660-168B9B2FC393}"
EndProject
Project("{8BC9CEB8-8B4A-11D0-8D11-00A0C91BC942}") = "NodeJS", "..\NodeJS\vs2022\NodeJS.vcxproj", "{DDDD7B79-A976-41CD-8CA0-C7E3DC826EC1}"
EndProject
Project("{8BC9CEB8-8B4A-11D0-8D11-00A0C91BC942}") = "PythonAgent", "..\PythonAgent\vs2022\PythonAgent.vcxproj", "{9E68C3FD-AB1C-4180-9530-C6154E4759C6}"
EndProject
Project("{8BC9CEB8-8B4A-11D0-8D11-00A0C91BC942}") = "DockerAgent", "..\DockerAgent\vs2022\DockerAgent.vcxproj", "{FF789EED-531E-4AAC-98BF-89F5F13A983F}"
EndProject
Project("{8BC9CEB8-8B4A-11D0-8D11-00A0C91BC942}") = "ScriptAgent", "..\ScriptAgent\vs2022\ScriptAgent.vcxproj", "{D262BB74-3C65-4347-AEC9-0C13BD2A5439}"
EndProject
Project("{8BC9CEB8-8B4A-11D0-8D11-00A0C91BC942}") = "Barcode", "..\Barcode\vs2022\Barcode.vcxproj", "{DBA71048-A383-42B7-8510-B0BC468CFE63}"
EndProject
Project("{8BC9CEB8-8B4A-11D0-8D11-00A0C91BC942}") = "WSClient", "..\WSClient\vs2022\WSClient.vcxproj", "{90E87506-C8DC-4297-8D64-06EB62BF563D}"
EndProject
Project("{8BC9CEB8-8B4A-11D0-8D11-00A0C91BC942}") = "RestfulAgent", "..\RestfulAgent\vs2022\RestfulAgent.vcxproj", "{752B5A90-9AA2-4391-BFCE-DECCD8B90312}"
EndProject
Global
	GlobalSection(SolutionConfigurationPlatforms) = preSolution
		Debug|x64 = Debug|x64
		Debug|x86 = Debug|x86
		Release|x64 = Release|x64
		Release|x86 = Release|x86
	EndGlobalSection
	GlobalSection(ProjectConfigurationPlatforms) = postSolution
		{008AF7A1-2FE8-4185-96DA-2D7F5CF2C84D}.Debug|x64.ActiveCfg = Debug|x64
		{008AF7A1-2FE8-4185-96DA-2D7F5CF2C84D}.Debug|x64.Build.0 = Debug|x64
		{008AF7A1-2FE8-4185-96DA-2D7F5CF2C84D}.Debug|x86.ActiveCfg = Debug|Win32
		{008AF7A1-2FE8-4185-96DA-2D7F5CF2C84D}.Debug|x86.Build.0 = Debug|Win32
		{008AF7A1-2FE8-4185-96DA-2D7F5CF2C84D}.Release|x64.ActiveCfg = Release|x64
		{008AF7A1-2FE8-4185-96DA-2D7F5CF2C84D}.Release|x64.Build.0 = Release|x64
		{008AF7A1-2FE8-4185-96DA-2D7F5CF2C84D}.Release|x86.ActiveCfg = Release|Win32
		{008AF7A1-2FE8-4185-96DA-2D7F5CF2C84D}.Release|x86.Build.0 = Release|Win32
		{C712F78E-AD74-4A85-BB68-2161079F7895}.Debug|x64.ActiveCfg = Debug|x64
		{C712F78E-AD74-4A85-BB68-2161079F7895}.Debug|x64.Build.0 = Debug|x64
		{C712F78E-AD74-4A85-BB68-2161079F7895}.Debug|x86.ActiveCfg = Debug|Win32
		{C712F78E-AD74-4A85-BB68-2161079F7895}.Debug|x86.Build.0 = Debug|Win32
		{C712F78E-AD74-4A85-BB68-2161079F7895}.Release|x64.ActiveCfg = Release|x64
		{C712F78E-AD74-4A85-BB68-2161079F7895}.Release|x64.Build.0 = Release|x64
		{C712F78E-AD74-4A85-BB68-2161079F7895}.Release|x86.ActiveCfg = Release|Win32
		{C712F78E-AD74-4A85-BB68-2161079F7895}.Release|x86.Build.0 = Release|Win32
		{8C40F158-47B8-4D91-A4B9-C71DD9CEBFCF}.Debug|x64.ActiveCfg = Debug|x64
		{8C40F158-47B8-4D91-A4B9-C71DD9CEBFCF}.Debug|x64.Build.0 = Debug|x64
		{8C40F158-47B8-4D91-A4B9-C71DD9CEBFCF}.Debug|x86.ActiveCfg = Debug|Win32
		{8C40F158-47B8-4D91-A4B9-C71DD9CEBFCF}.Debug|x86.Build.0 = Debug|Win32
		{8C40F158-47B8-4D91-A4B9-C71DD9CEBFCF}.Release|x64.ActiveCfg = Release|x64
		{8C40F158-47B8-4D91-A4B9-C71DD9CEBFCF}.Release|x64.Build.0 = Release|x64
		{8C40F158-47B8-4D91-A4B9-C71DD9CEBFCF}.Release|x86.ActiveCfg = Release|Win32
		{8C40F158-47B8-4D91-A4B9-C71DD9CEBFCF}.Release|x86.Build.0 = Release|Win32
		{A63604BA-961F-4926-AC9A-D672BA1F3964}.Debug|x64.ActiveCfg = Debug|x64
		{A63604BA-961F-4926-AC9A-D672BA1F3964}.Debug|x64.Build.0 = Debug|x64
		{A63604BA-961F-4926-AC9A-D672BA1F3964}.Debug|x86.ActiveCfg = Debug|Win32
		{A63604BA-961F-4926-AC9A-D672BA1F3964}.Debug|x86.Build.0 = Debug|Win32
		{A63604BA-961F-4926-AC9A-D672BA1F3964}.Release|x64.ActiveCfg = Release|x64
		{A63604BA-961F-4926-AC9A-D672BA1F3964}.Release|x64.Build.0 = Release|x64
		{A63604BA-961F-4926-AC9A-D672BA1F3964}.Release|x86.ActiveCfg = Release|Win32
		{A63604BA-961F-4926-AC9A-D672BA1F3964}.Release|x86.Build.0 = Release|Win32
		{D72935F7-5D34-47EB-9C18-949329D6F067}.Debug|x64.ActiveCfg = Debug|x64
		{D72935F7-5D34-47EB-9C18-949329D6F067}.Debug|x64.Build.0 = Debug|x64
		{D72935F7-5D34-47EB-9C18-949329D6F067}.Debug|x86.ActiveCfg = Debug|Win32
		{D72935F7-5D34-47EB-9C18-949329D6F067}.Debug|x86.Build.0 = Debug|Win32
		{D72935F7-5D34-47EB-9C18-949329D6F067}.Release|x64.ActiveCfg = Release|x64
		{D72935F7-5D34-47EB-9C18-949329D6F067}.Release|x64.Build.0 = Release|x64
		{D72935F7-5D34-47EB-9C18-949329D6F067}.Release|x86.ActiveCfg = Release|Win32
		{D72935F7-5D34-47EB-9C18-949329D6F067}.Release|x86.Build.0 = Release|Win32
		{666D1BBC-CBC1-4B08-8819-BEB32A2F132A}.Debug|x64.ActiveCfg = Debug|x64
		{666D1BBC-CBC1-4B08-8819-BEB32A2F132A}.Debug|x64.Build.0 = Debug|x64
		{666D1BBC-CBC1-4B08-8819-BEB32A2F132A}.Debug|x86.ActiveCfg = Debug|Win32
		{666D1BBC-CBC1-4B08-8819-BEB32A2F132A}.Debug|x86.Build.0 = Debug|Win32
		{666D1BBC-CBC1-4B08-8819-BEB32A2F132A}.Release|x64.ActiveCfg = Release|x64
		{666D1BBC-CBC1-4B08-8819-BEB32A2F132A}.Release|x64.Build.0 = Release|x64
		{666D1BBC-CBC1-4B08-8819-BEB32A2F132A}.Release|x86.ActiveCfg = Release|Win32
		{666D1BBC-CBC1-4B08-8819-BEB32A2F132A}.Release|x86.Build.0 = Release|Win32
		{43B92DD0-6142-469C-AC12-E9D3D7090DEB}.Debug|x64.ActiveCfg = Debug|x64
		{43B92DD0-6142-469C-AC12-E9D3D7090DEB}.Debug|x64.Build.0 = Debug|x64
		{43B92DD0-6142-469C-AC12-E9D3D7090DEB}.Debug|x86.ActiveCfg = Debug|Win32
		{43B92DD0-6142-469C-AC12-E9D3D7090DEB}.Debug|x86.Build.0 = Debug|Win32
		{43B92DD0-6142-469C-AC12-E9D3D7090DEB}.Release|x64.ActiveCfg = Release|x64
		{43B92DD0-6142-469C-AC12-E9D3D7090DEB}.Release|x64.Build.0 = Release|x64
		{43B92DD0-6142-469C-AC12-E9D3D7090DEB}.Release|x86.ActiveCfg = Release|Win32
		{43B92DD0-6142-469C-AC12-E9D3D7090DEB}.Release|x86.Build.0 = Release|Win32
		{33F90019-2BE1-41EC-AA82-8D6AE2A0AEBC}.Debug|x64.ActiveCfg = Debug|x64
		{33F90019-2BE1-41EC-AA82-8D6AE2A0AEBC}.Debug|x64.Build.0 = Debug|x64
		{33F90019-2BE1-41EC-AA82-8D6AE2A0AEBC}.Debug|x86.ActiveCfg = Debug|Win32
		{33F90019-2BE1-41EC-AA82-8D6AE2A0AEBC}.Debug|x86.Build.0 = Debug|Win32
		{33F90019-2BE1-41EC-AA82-8D6AE2A0AEBC}.Release|x64.ActiveCfg = Release|x64
		{33F90019-2BE1-41EC-AA82-8D6AE2A0AEBC}.Release|x64.Build.0 = Release|x64
		{33F90019-2BE1-41EC-AA82-8D6AE2A0AEBC}.Release|x86.ActiveCfg = Release|Win32
		{33F90019-2BE1-41EC-AA82-8D6AE2A0AEBC}.Release|x86.Build.0 = Release|Win32
		{085DA40F-8442-4647-811D-1BC6633044F6}.Debug|x64.ActiveCfg = Debug|x64
		{085DA40F-8442-4647-811D-1BC6633044F6}.Debug|x64.Build.0 = Debug|x64
		{085DA40F-8442-4647-811D-1BC6633044F6}.Debug|x86.ActiveCfg = Debug|Win32
		{085DA40F-8442-4647-811D-1BC6633044F6}.Debug|x86.Build.0 = Debug|Win32
		{085DA40F-8442-4647-811D-1BC6633044F6}.Release|x64.ActiveCfg = Release|x64
		{085DA40F-8442-4647-811D-1BC6633044F6}.Release|x64.Build.0 = Release|x64
		{085DA40F-8442-4647-811D-1BC6633044F6}.Release|x86.ActiveCfg = Release|Win32
		{085DA40F-8442-4647-811D-1BC6633044F6}.Release|x86.Build.0 = Release|Win32
		{110ED182-8ED2-467E-B875-96293344AE6B}.Debug|x64.ActiveCfg = Debug|x64
		{110ED182-8ED2-467E-B875-96293344AE6B}.Debug|x64.Build.0 = Debug|x64
		{110ED182-8ED2-467E-B875-96293344AE6B}.Debug|x86.ActiveCfg = Debug|Win32
		{110ED182-8ED2-467E-B875-96293344AE6B}.Debug|x86.Build.0 = Debug|Win32
		{110ED182-8ED2-467E-B875-96293344AE6B}.Release|x64.ActiveCfg = Release|x64
		{110ED182-8ED2-467E-B875-96293344AE6B}.Release|x64.Build.0 = Release|x64
		{110ED182-8ED2-467E-B875-96293344AE6B}.Release|x86.ActiveCfg = Release|Win32
		{110ED182-8ED2-467E-B875-96293344AE6B}.Release|x86.Build.0 = Release|Win32
		{2637D207-7C49-4BB0-83A5-A43402E6FE16}.Debug|x64.ActiveCfg = Debug|x64
		{2637D207-7C49-4BB0-83A5-A43402E6FE16}.Debug|x64.Build.0 = Debug|x64
		{2637D207-7C49-4BB0-83A5-A43402E6FE16}.Debug|x86.ActiveCfg = Debug|Win32
		{2637D207-7C49-4BB0-83A5-A43402E6FE16}.Debug|x86.Build.0 = Debug|Win32
		{2637D207-7C49-4BB0-83A5-A43402E6FE16}.Release|x64.ActiveCfg = Release|x64
		{2637D207-7C49-4BB0-83A5-A43402E6FE16}.Release|x64.Build.0 = Release|x64
		{2637D207-7C49-4BB0-83A5-A43402E6FE16}.Release|x86.ActiveCfg = Release|Win32
		{2637D207-7C49-4BB0-83A5-A43402E6FE16}.Release|x86.Build.0 = Release|Win32
		{4483018D-82D7-492B-9320-03741332BEAD}.Debug|x64.ActiveCfg = Debug|x64
		{4483018D-82D7-492B-9320-03741332BEAD}.Debug|x64.Build.0 = Debug|x64
		{4483018D-82D7-492B-9320-03741332BEAD}.Debug|x86.ActiveCfg = Debug|Win32
		{4483018D-82D7-492B-9320-03741332BEAD}.Debug|x86.Build.0 = Debug|Win32
		{4483018D-82D7-492B-9320-03741332BEAD}.Release|x64.ActiveCfg = Release|x64
		{4483018D-82D7-492B-9320-03741332BEAD}.Release|x64.Build.0 = Release|x64
		{4483018D-82D7-492B-9320-03741332BEAD}.Release|x86.ActiveCfg = Release|Win32
		{4483018D-82D7-492B-9320-03741332BEAD}.Release|x86.Build.0 = Release|Win32
		{F48DA394-328A-4328-A054-10F47280EC61}.Debug|x64.ActiveCfg = Debug|x64
		{F48DA394-328A-4328-A054-10F47280EC61}.Debug|x64.Build.0 = Debug|x64
		{F48DA394-328A-4328-A054-10F47280EC61}.Debug|x86.ActiveCfg = Debug|Win32
		{F48DA394-328A-4328-A054-10F47280EC61}.Debug|x86.Build.0 = Debug|Win32
		{F48DA394-328A-4328-A054-10F47280EC61}.Release|x64.ActiveCfg = Release|x64
		{F48DA394-328A-4328-A054-10F47280EC61}.Release|x64.Build.0 = Release|x64
		{F48DA394-328A-4328-A054-10F47280EC61}.Release|x86.ActiveCfg = Release|Win32
		{F48DA394-328A-4328-A054-10F47280EC61}.Release|x86.Build.0 = Release|Win32
		{389CF22D-C2EC-4C24-9F87-F8EADF6B808A}.Debug|x64.ActiveCfg = Debug|x64
		{389CF22D-C2EC-4C24-9F87-F8EADF6B808A}.Debug|x64.Build.0 = Debug|x64
		{389CF22D-C2EC-4C24-9F87-F8EADF6B808A}.Debug|x86.ActiveCfg = Debug|Win32
		{389CF22D-C2EC-4C24-9F87-F8EADF6B808A}.Debug|x86.Build.0 = Debug|Win32
		{389CF22D-C2EC-4C24-9F87-F8EADF6B808A}.Release|x64.ActiveCfg = Release|x64
		{389CF22D-C2EC-4C24-9F87-F8EADF6B808A}.Release|x64.Build.0 = Release|x64
		{389CF22D-C2EC-4C24-9F87-F8EADF6B808A}.Release|x86.ActiveCfg = Release|Win32
		{389CF22D-C2EC-4C24-9F87-F8EADF6B808A}.Release|x86.Build.0 = Release|Win32
		{C3E7C0AD-7C85-49F2-9660-168B9B2FC393}.Debug|x64.ActiveCfg = Debug|x64
		{C3E7C0AD-7C85-49F2-9660-168B9B2FC393}.Debug|x64.Build.0 = Debug|x64
		{C3E7C0AD-7C85-49F2-9660-168B9B2FC393}.Debug|x86.ActiveCfg = Debug|Win32
		{C3E7C0AD-7C85-49F2-9660-168B9B2FC393}.Debug|x86.Build.0 = Debug|Win32
		{C3E7C0AD-7C85-49F2-9660-168B9B2FC393}.Release|x64.ActiveCfg = Release|x64
		{C3E7C0AD-7C85-49F2-9660-168B9B2FC393}.Release|x64.Build.0 = Release|x64
		{C3E7C0AD-7C85-49F2-9660-168B9B2FC393}.Release|x86.ActiveCfg = Release|Win32
		{C3E7C0AD-7C85-49F2-9660-168B9B2FC393}.Release|x86.Build.0 = Release|Win32
		{DDDD7B79-A976-41CD-8CA0-C7E3DC826EC1}.Debug|x64.ActiveCfg = Debug|x64
		{DDDD7B79-A976-41CD-8CA0-C7E3DC826EC1}.Debug|x64.Build.0 = Debug|x64
		{DDDD7B79-A976-41CD-8CA0-C7E3DC826EC1}.Debug|x86.ActiveCfg = Debug|Win32
		{DDDD7B79-A976-41CD-8CA0-C7E3DC826EC1}.Debug|x86.Build.0 = Debug|Win32
		{DDDD7B79-A976-41CD-8CA0-C7E3DC826EC1}.Release|x64.ActiveCfg = Release|x64
		{DDDD7B79-A976-41CD-8CA0-C7E3DC826EC1}.Release|x64.Build.0 = Release|x64
		{DDDD7B79-A976-41CD-8CA0-C7E3DC826EC1}.Release|x86.ActiveCfg = Release|Win32
		{DDDD7B79-A976-41CD-8CA0-C7E3DC826EC1}.Release|x86.Build.0 = Release|Win32
		{9E68C3FD-AB1C-4180-9530-C6154E4759C6}.Debug|x64.ActiveCfg = Debug|x64
		{9E68C3FD-AB1C-4180-9530-C6154E4759C6}.Debug|x64.Build.0 = Debug|x64
		{9E68C3FD-AB1C-4180-9530-C6154E4759C6}.Debug|x86.ActiveCfg = Debug|Win32
		{9E68C3FD-AB1C-4180-9530-C6154E4759C6}.Debug|x86.Build.0 = Debug|Win32
		{9E68C3FD-AB1C-4180-9530-C6154E4759C6}.Release|x64.ActiveCfg = Release|x64
		{9E68C3FD-AB1C-4180-9530-C6154E4759C6}.Release|x64.Build.0 = Release|x64
		{9E68C3FD-AB1C-4180-9530-C6154E4759C6}.Release|x86.ActiveCfg = Release|Win32
		{9E68C3FD-AB1C-4180-9530-C6154E4759C6}.Release|x86.Build.0 = Release|Win32
		{FF789EED-531E-4AAC-98BF-89F5F13A983F}.Debug|x64.ActiveCfg = Debug|x64
		{FF789EED-531E-4AAC-98BF-89F5F13A983F}.Debug|x64.Build.0 = Debug|x64
		{FF789EED-531E-4AAC-98BF-89F5F13A983F}.Debug|x86.ActiveCfg = Debug|Win32
		{FF789EED-531E-4AAC-98BF-89F5F13A983F}.Debug|x86.Build.0 = Debug|Win32
		{FF789EED-531E-4AAC-98BF-89F5F13A983F}.Release|x64.ActiveCfg = Release|x64
		{FF789EED-531E-4AAC-98BF-89F5F13A983F}.Release|x64.Build.0 = Release|x64
		{FF789EED-531E-4AAC-98BF-89F5F13A983F}.Release|x86.ActiveCfg = Release|Win32
		{FF789EED-531E-4AAC-98BF-89F5F13A983F}.Release|x86.Build.0 = Release|Win32
		{D262BB74-3C65-4347-AEC9-0C13BD2A5439}.Debug|x64.ActiveCfg = Debug|x64
		{D262BB74-3C65-4347-AEC9-0C13BD2A5439}.Debug|x64.Build.0 = Debug|x64
		{D262BB74-3C65-4347-AEC9-0C13BD2A5439}.Debug|x86.ActiveCfg = Debug|Win32
		{D262BB74-3C65-4347-AEC9-0C13BD2A5439}.Debug|x86.Build.0 = Debug|Win32
		{D262BB74-3C65-4347-AEC9-0C13BD2A5439}.Release|x64.ActiveCfg = Release|x64
		{D262BB74-3C65-4347-AEC9-0C13BD2A5439}.Release|x64.Build.0 = Release|x64
		{D262BB74-3C65-4347-AEC9-0C13BD2A5439}.Release|x86.ActiveCfg = Release|Win32
		{D262BB74-3C65-4347-AEC9-0C13BD2A5439}.Release|x86.Build.0 = Release|Win32
		{DBA71048-A383-42B7-8510-B0BC468CFE63}.Debug|x64.ActiveCfg = Debug|x64
		{DBA71048-A383-42B7-8510-B0BC468CFE63}.Debug|x64.Build.0 = Debug|x64
		{DBA71048-A383-42B7-8510-B0BC468CFE63}.Debug|x86.ActiveCfg = Debug|Win32
		{DBA71048-A383-42B7-8510-B0BC468CFE63}.Debug|x86.Build.0 = Debug|Win32
		{DBA71048-A383-42B7-8510-B0BC468CFE63}.Release|x64.ActiveCfg = Release|x64
		{DBA71048-A383-42B7-8510-B0BC468CFE63}.Release|x64.Build.0 = Release|x64
		{DBA71048-A383-42B7-8510-B0BC468CFE63}.Release|x86.ActiveCfg = Release|Win32
		{DBA71048-A383-42B7-8510-B0BC468CFE63}.Release|x86.Build.0 = Release|Win32
		{90E87506-C8DC-4297-8D64-06EB62BF563D}.Debug|x64.ActiveCfg = Debug|x64
		{90E87506-C8DC-4297-8D64-06EB62BF563D}.Debug|x64.Build.0 = Debug|x64
		{90E87506-C8DC-4297-8D64-06EB62BF563D}.Debug|x86.ActiveCfg = Debug|Win32
		{90E87506-C8DC-4297-8D64-06EB62BF563D}.Debug|x86.Build.0 = Debug|Win32
		{90E87506-C8DC-4297-8D64-06EB62BF563D}.Release|x64.ActiveCfg = Release|x64
		{90E87506-C8DC-4297-8D64-06EB62BF563D}.Release|x64.Build.0 = Release|x64
		{90E87506-C8DC-4297-8D64-06EB62BF563D}.Release|x86.ActiveCfg = Release|Win32
		{90E87506-C8DC-4297-8D64-06EB62BF563D}.Release|x86.Build.0 = Release|Win32
		{752B5A90-9AA2-4391-BFCE-DECCD8B90312}.Debug|x64.ActiveCfg = Debug|x64
		{752B5A90-9AA2-4391-BFCE-DECCD8B90312}.Debug|x64.Build.0 = Debug|x64
		{752B5A90-9AA2-4391-BFCE-DECCD8B90312}.Debug|x86.ActiveCfg = Debug|Win32
		{752B5A90-9AA2-4391-BFCE-DECCD8B90312}.Debug|x86.Build.0 = Debug|Win32
		{752B5A90-9AA2-4391-BFCE-DECCD8B90312}.Release|x64.ActiveCfg = Release|x64
		{752B5A90-9AA2-4391-BFCE-DECCD8B90312}.Release|x64.Build.0 = Release|x64
		{752B5A90-9AA2-4391-BFCE-DECCD8B90312}.Release|x86.ActiveCfg = Release|Win32
		{752B5A90-9AA2-4391-BFCE-DECCD8B90312}.Release|x86.Build.0 = Release|Win32
	EndGlobalSection
	GlobalSection(SolutionProperties) = preSolution
		HideSolutionNode = FALSE
	EndGlobalSection
	GlobalSection(ExtensibilityGlobals) = postSolution
		SolutionGuid = {E5B159A4-B50D-4241-9E61-A4C9951672C5}
	EndGlobalSection
EndGlobal
